PODS:
  - MRGPagerController (1.1)

DEPENDENCIES:
  - MRGPagerController (from `../`)

EXTERNAL SOURCES:
  MRGPagerController:
    :path: ../

SPEC CHECKSUMS:
  MRGPagerController: ec70b0866720042fa60de78e918434e97d77c09a

PODFILE CHECKSUM: 54ade33a80857e981cd8868bdb60abcb692be0fc

COCOAPODS: 1.4.0
