PODS:
  - MRGPagerController (1.2.1)

DEPENDENCIES:
  - MRGPagerController (from `../`)

EXTERNAL SOURCES:
  MRGPagerController:
    :path: "../"

SPEC CHECKSUMS:
  MRGPagerController: 69f528a6a94fcd43a138061a8f4b9a17ba2e82f5

PODFILE CHECKSUM: f404f6f6246123cad9576fa1f561d94c02d4c18b

COCOAPODS: 1.16.2
