PODS:
  - MRGPagerController (1.2)

DEPENDENCIES:
  - MRGPagerController (from `../`)

EXTERNAL SOURCES:
  MRGPagerController:
    :path: "../"

SPEC CHECKSUMS:
  MRGPagerController: 1229e97d8f766bb95743d10dc3fdd02c973a983a

PODFILE CHECKSUM: 88e693d0fd60d3a0bdae1897d235d2b4f6a6196d

COCOAPODS: 1.10.1
